
Microsoft Visual Studio Solution File, Format Version 12.00
# Visual Studio 15
VisualStudioVersion = 15.0.27703.2042
MinimumVisualStudioVersion = 10.0.40219.1
Project("{9A19103F-16F7-4668-BE54-9A1E7A4F7556}") = "GenericAngularService.Api", "GenericAngularService.Api\GenericAngularService.Api.csproj", "{7DE89006-A245-4707-AD32-E6BE290AD330}"
EndProject
Project("{FAE04EC0-301F-11D3-BF4B-00C04F79EFBC}") = "GenericAngularService.Api.UnitTests", "GenericAngularService.Api.UnitTests\GenericAngularService.Api.UnitTests.csproj", "{D43C1768-F793-4F23-A19F-0494BBD388FE}"
EndProject
Global
	GlobalSection(SolutionConfigurationPlatforms) = preSolution
		Debug|Any CPU = Debug|Any CPU
		Release|Any CPU = Release|Any CPU
	EndGlobalSection
	GlobalSection(ProjectConfigurationPlatforms) = postSolution
		{7DE89006-A245-4707-AD32-E6BE290AD330}.Debug|Any CPU.ActiveCfg = Debug|Any CPU
		{7DE89006-A245-4707-AD32-E6BE290AD330}.Debug|Any CPU.Build.0 = Debug|Any CPU
		{7DE89006-A245-4707-AD32-E6BE290AD330}.Release|Any CPU.ActiveCfg = Release|Any CPU
		{7DE89006-A245-4707-AD32-E6BE290AD330}.Release|Any CPU.Build.0 = Release|Any CPU
		{D43C1768-F793-4F23-A19F-0494BBD388FE}.Debug|Any CPU.ActiveCfg = Debug|Any CPU
		{D43C1768-F793-4F23-A19F-0494BBD388FE}.Debug|Any CPU.Build.0 = Debug|Any CPU
		{D43C1768-F793-4F23-A19F-0494BBD388FE}.Release|Any CPU.ActiveCfg = Release|Any CPU
		{D43C1768-F793-4F23-A19F-0494BBD388FE}.Release|Any CPU.Build.0 = Release|Any CPU
	EndGlobalSection
	GlobalSection(SolutionProperties) = preSolution
		HideSolutionNode = FALSE
	EndGlobalSection
	GlobalSection(ExtensibilityGlobals) = postSolution
		SolutionGuid = {09AAC717-6FFF-4936-A05B-4DE37A491211}
	EndGlobalSection
EndGlobal
